
Microsoft Visual Studio Solution File, Format Version 12.00
# Visual Studio Version 17
VisualStudioVersion = 17.1.32210.238
MinimumVisualStudioVersion = 10.0.40219.1
Project("{FAE04EC0-301F-11D3-BF4B-00C04F79EFBC}") = "Business", "Business\Business.csproj", "{8E200363-665D-4BA7-ADF6-CC24B6E9758D}"
EndProject
Project("{FAE04EC0-301F-11D3-BF4B-00C04F79EFBC}") = "DataAccess", "DataAccess\DataAccess.csproj", "{4E2319BF-1334-4945-8707-132BAD2C256F}"
EndProject
Project("{FAE04EC0-301F-11D3-BF4B-00C04F79EFBC}") = "Core", "Core\Core.csproj", "{96976D44-EAC4-46AF-9991-5183D7605E8D}"
EndProject
Project("{FAE04EC0-301F-11D3-BF4B-00C04F79EFBC}") = "Entities", "Entities\Entities.csproj", "{D1F577E8-8153-4034-BD3E-EF2F842F4989}"
EndProject
Project("{FAE04EC0-301F-11D3-BF4B-00C04F79EFBC}") = "WebAppAPI", "WebAppAPI\WebAppAPI.csproj", "{6557FA8D-EB20-4EBA-A204-2B464339A1CD}"
EndProject
Global
	GlobalSection(SolutionConfigurationPlatforms) = preSolution
		Debug|Any CPU = Debug|Any CPU
		Release|Any CPU = Release|Any CPU
	EndGlobalSection
	GlobalSection(ProjectConfigurationPlatforms) = postSolution
		{8E200363-665D-4BA7-ADF6-CC24B6E9758D}.Debug|Any CPU.ActiveCfg = Debug|Any CPU
		{8E200363-665D-4BA7-ADF6-CC24B6E9758D}.Debug|Any CPU.Build.0 = Debug|Any CPU
		{8E200363-665D-4BA7-ADF6-CC24B6E9758D}.Release|Any CPU.ActiveCfg = Release|Any CPU
		{8E200363-665D-4BA7-ADF6-CC24B6E9758D}.Release|Any CPU.Build.0 = Release|Any CPU
		{4E2319BF-1334-4945-8707-132BAD2C256F}.Debug|Any CPU.ActiveCfg = Debug|Any CPU
		{4E2319BF-1334-4945-8707-132BAD2C256F}.Debug|Any CPU.Build.0 = Debug|Any CPU
		{4E2319BF-1334-4945-8707-132BAD2C256F}.Release|Any CPU.ActiveCfg = Release|Any CPU
		{4E2319BF-1334-4945-8707-132BAD2C256F}.Release|Any CPU.Build.0 = Release|Any CPU
		{96976D44-EAC4-46AF-9991-5183D7605E8D}.Debug|Any CPU.ActiveCfg = Debug|Any CPU
		{96976D44-EAC4-46AF-9991-5183D7605E8D}.Debug|Any CPU.Build.0 = Debug|Any CPU
		{96976D44-EAC4-46AF-9991-5183D7605E8D}.Release|Any CPU.ActiveCfg = Release|Any CPU
		{96976D44-EAC4-46AF-9991-5183D7605E8D}.Release|Any CPU.Build.0 = Release|Any CPU
		{D1F577E8-8153-4034-BD3E-EF2F842F4989}.Debug|Any CPU.ActiveCfg = Debug|Any CPU
		{D1F577E8-8153-4034-BD3E-EF2F842F4989}.Debug|Any CPU.Build.0 = Debug|Any CPU
		{D1F577E8-8153-4034-BD3E-EF2F842F4989}.Release|Any CPU.ActiveCfg = Release|Any CPU
		{D1F577E8-8153-4034-BD3E-EF2F842F4989}.Release|Any CPU.Build.0 = Release|Any CPU
		{6557FA8D-EB20-4EBA-A204-2B464339A1CD}.Debug|Any CPU.ActiveCfg = Debug|Any CPU
		{6557FA8D-EB20-4EBA-A204-2B464339A1CD}.Debug|Any CPU.Build.0 = Debug|Any CPU
		{6557FA8D-EB20-4EBA-A204-2B464339A1CD}.Release|Any CPU.ActiveCfg = Release|Any CPU
		{6557FA8D-EB20-4EBA-A204-2B464339A1CD}.Release|Any CPU.Build.0 = Release|Any CPU
	EndGlobalSection
	GlobalSection(SolutionProperties) = preSolution
		HideSolutionNode = FALSE
	EndGlobalSection
	GlobalSection(ExtensibilityGlobals) = postSolution
		SolutionGuid = {0F53D132-E4B8-416E-B388-6B6A4D0915A3}
	EndGlobalSection
EndGlobal
